
Microsoft Visual Studio Solution File, Format Version 12.00
# Visual Studio Version 17
VisualStudioVersion = 17.8.34525.116
MinimumVisualStudioVersion = 10.0.40219.1
Project("{FAE04EC0-301F-11D3-BF4B-00C04F79EFBC}") = "ConsoleJenkins", "ConsoleJenkins.csproj", "{0ECF2A39-116E-4B2B-BA47-851DEC288CF0}"
EndProject
Global
	GlobalSection(SolutionConfigurationPlatforms) = preSolution
		Debug|Any CPU = Debug|Any CPU
		Release|Any CPU = Release|Any CPU
	EndGlobalSection
	GlobalSection(ProjectConfigurationPlatforms) = postSolution
		{0ECF2A39-116E-4B2B-BA47-851DEC288CF0}.Debug|Any CPU.ActiveCfg = Debug|Any CPU
		{0ECF2A39-116E-4B2B-BA47-851DEC288CF0}.Debug|Any CPU.Build.0 = Debug|Any CPU
		{0ECF2A39-116E-4B2B-BA47-851DEC288CF0}.Release|Any CPU.ActiveCfg = Release|Any CPU
		{0ECF2A39-116E-4B2B-BA47-851DEC288CF0}.Release|Any CPU.Build.0 = Release|Any CPU
	EndGlobalSection
	GlobalSection(SolutionProperties) = preSolution
		HideSolutionNode = FALSE
	EndGlobalSection
	GlobalSection(ExtensibilityGlobals) = postSolution
		SolutionGuid = {8CA24ED7-149A-491F-876A-E151DBFD78E9}
	EndGlobalSection
EndGlobal
